<?xml version="1.0" encoding="utf-8"?>
<Project ToolsVersion="4.0" xmlns="http://schemas.microsoft.com/developer/msbuild/2003">
  <ItemGroup>
    <Filter Include="resources">
      <UniqueIdentifier>{67DA6AB6-F800-4c08-8B7A-83BB121AAD01}</UniqueIdentifier>
      <Extensions>rc;ico;cur;bmp;dlg;rc2;rct;bin;rgs;gif;jpg;jpeg;jpe;resx;tiff;tif;png;wav;mfcribbon-ms</Extensions>
    </Filter>
    <Filter Include="resources\shaders">
      <UniqueIdentifier>{efc9ef9a-5a76-452e-bd1e-f52d7efc0151}</UniqueIdentifier>
    </Filter>
    <Filter Include="src">
      <UniqueIdentifier>{4FC737F1-C7A5-4376-A066-2A32D752A2FF}</UniqueIdentifier>
      <Extensions>cpp;c;cc;cxx;c++;cppm;ixx;def;odl;idl;hpj;bat;asm;asmx</Extensions>
    </Filter>
    <Filter Include="src\core">
      <UniqueIdentifier>{3f4586e2-a503-4775-8829-90f91e64089f}</UniqueIdentifier>
    </Filter>
    <Filter Include="src\graphics">
      <UniqueIdentifier>{32bfd611-19c5-4d12-ba04-6a842c37ffa6}</UniqueIdentifier>
    </Filter>
    <Filter Include="src\graphics\Shader">
      <UniqueIdentifier>{f32fcf06-1ae2-4cbf-ba77-fadd72e0ddcd}</UniqueIdentifier>
    </Filter>
    <Filter Include="src\graphics\Texture">
      <UniqueIdentifier>{a7544737-5d8b-402f-a9a0-94a63a4715a7}</UniqueIdentifier>
    </Filter>
    <Filter Include="src\input">
      <UniqueIdentifier>{3ee3f43f-1b97-4e06-9811-aded5f2951f9}</UniqueIdentifier>
    </Filter>
  </ItemGroup>
  <ItemGroup>
    <ClCompile Include="Main.cpp">
      <Filter>src\core</Filter>
    </ClCompile>
    <ClCompile Include="InputManager.cpp">
      <Filter>src\input</Filter>
    </ClCompile>
    <ClCompile Include="Shader.cpp">
      <Filter>src\graphics\Shader</Filter>
    </ClCompile>
    <ClCompile Include="Texture.cpp">
      <Filter>src\graphics\Texture</Filter>
    </ClCompile>
  </ItemGroup>
  <ItemGroup>
    <ClInclude Include="InputManager.h">
      <Filter>src\input</Filter>
    </ClInclude>
    <ClInclude Include="Shader.h">
      <Filter>src\graphics\Shader</Filter>
    </ClInclude>
    <ClInclude Include="Texture.h">
      <Filter>src\graphics\Texture</Filter>
    </ClInclude>
  </ItemGroup>
  <ItemGroup>
    <None Include="VertexShader.glsl">
      <Filter>resources\shaders</Filter>
    </None>
    <None Include="FragmentShader.glsl">
      <Filter>resources\shaders</Filter>
    </None>
  </ItemGroup>
</Project>